
Microsoft Visual Studio Solution File, Format Version 12.00
# Visual Studio Version 17
VisualStudioVersion = 17.0.31903.59
MinimumVisualStudioVersion = 10.0.40219.1
Project("{FAE04EC0-301F-11D3-BF4B-00C04F79EFBC}") = "CeyloraAPI", "CeyloraAPI\CeyloraAPI.csproj", "{47EA9D5D-4C8F-4121-84EF-AE94A01B71A0}"
EndProject
Project("{FAE04EC0-301F-11D3-BF4B-00C04F79EFBC}") = "CeyloraAPI.Tests", "CeyloraAPI.Tests\CeyloraAPI.Tests.csproj", "{EFDF3BCD-03A7-4EED-AFA6-1B8BFCA2F6E9}"
EndProject
Global
	GlobalSection(SolutionConfigurationPlatforms) = preSolution
		Debug|Any CPU = Debug|Any CPU
		Release|Any CPU = Release|Any CPU
	EndGlobalSection
	GlobalSection(SolutionProperties) = preSolution
		HideSolutionNode = FALSE
	EndGlobalSection
	GlobalSection(ProjectConfigurationPlatforms) = postSolution
		{47EA9D5D-4C8F-4121-84EF-AE94A01B71A0}.Debug|Any CPU.ActiveCfg = Debug|Any CPU
		{47EA9D5D-4C8F-4121-84EF-AE94A01B71A0}.Debug|Any CPU.Build.0 = Debug|Any CPU
		{47EA9D5D-4C8F-4121-84EF-AE94A01B71A0}.Release|Any CPU.ActiveCfg = Release|Any CPU
		{47EA9D5D-4C8F-4121-84EF-AE94A01B71A0}.Release|Any CPU.Build.0 = Release|Any CPU
		{EFDF3BCD-03A7-4EED-AFA6-1B8BFCA2F6E9}.Debug|Any CPU.ActiveCfg = Debug|Any CPU
		{EFDF3BCD-03A7-4EED-AFA6-1B8BFCA2F6E9}.Debug|Any CPU.Build.0 = Debug|Any CPU
		{EFDF3BCD-03A7-4EED-AFA6-1B8BFCA2F6E9}.Release|Any CPU.ActiveCfg = Release|Any CPU
		{EFDF3BCD-03A7-4EED-AFA6-1B8BFCA2F6E9}.Release|Any CPU.Build.0 = Release|Any CPU
	EndGlobalSection
EndGlobal
